
Microsoft Visual Studio Solution File, Format Version 12.00
# Visual Studio 15
Project("{FAE04EC0-301F-11D3-BF4B-00C04F79EFBC}") = "UnityEngine.TestRunner", "UnityEngine.TestRunner.csproj", "{6F68FB49-7F73-9F53-2F33-E5BA7E5F00C4}"
EndProject
Project("{FAE04EC0-301F-11D3-BF4B-00C04F79EFBC}") = "UnityEngine.UI", "UnityEngine.UI.csproj", "{7B01494A-36DE-F29D-725F-7A1B5E26CADB}"
EndProject
Project("{FAE04EC0-301F-11D3-BF4B-00C04F79EFBC}") = "Unity.Timeline", "Unity.Timeline.csproj", "{1856DF18-7F6B-AB81-9E0B-02040CBF399D}"
EndProject
Project("{FAE04EC0-301F-11D3-BF4B-00C04F79EFBC}") = "Unity.TextMeshPro", "Unity.TextMeshPro.csproj", "{50697730-FD53-76F2-E1F4-B5DD4E27C9B8}"
EndProject
Project("{FAE04EC0-301F-11D3-BF4B-00C04F79EFBC}") = "Assembly-CSharp", "Assembly-CSharp.csproj", "{1F7ECEB8-2D8A-5E43-DBD1-69210FEBD74B}"
EndProject
Project("{FAE04EC0-301F-11D3-BF4B-00C04F79EFBC}") = "Unity.Timeline.Editor", "Unity.Timeline.Editor.csproj", "{46E89963-8ACA-6E27-EBB9-0CB01B022ACE}"
EndProject
Project("{FAE04EC0-301F-11D3-BF4B-00C04F79EFBC}") = "Unity.PlasticSCM.Editor", "Unity.PlasticSCM.Editor.csproj", "{80C9A533-28AD-8B3C-01EF-AD925A3F3F25}"
EndProject
Project("{FAE04EC0-301F-11D3-BF4B-00C04F79EFBC}") = "UnityEditor.TestRunner", "UnityEditor.TestRunner.csproj", "{488BDAB4-0CA0-8153-BD61-52E13B3539BA}"
EndProject
Project("{FAE04EC0-301F-11D3-BF4B-00C04F79EFBC}") = "UnityEditor.UI", "UnityEditor.UI.csproj", "{C32D94E3-B0FF-DD25-1172-5224CAAFAA13}"
EndProject
Project("{FAE04EC0-301F-11D3-BF4B-00C04F79EFBC}") = "Unity.VisualStudio.Editor", "Unity.VisualStudio.Editor.csproj", "{53B21462-218C-9F26-B142-4D4EA15D98EF}"
EndProject
Project("{FAE04EC0-301F-11D3-BF4B-00C04F79EFBC}") = "Unity.TextMeshPro.Editor", "Unity.TextMeshPro.Editor.csproj", "{D64691EC-58A1-4874-9640-3112BFCF30CD}"
EndProject
Project("{FAE04EC0-301F-11D3-BF4B-00C04F79EFBC}") = "Unity.VSCode.Editor", "Unity.VSCode.Editor.csproj", "{975BB8E2-6693-0E05-DD53-905B4E088758}"
EndProject
Project("{FAE04EC0-301F-11D3-BF4B-00C04F79EFBC}") = "Unity.Rider.Editor", "Unity.Rider.Editor.csproj", "{ABF9F253-96E1-9CF4-DC54-2ABCBD2DF8B6}"
EndProject
Project("{FAE04EC0-301F-11D3-BF4B-00C04F79EFBC}") = "Unity.CollabProxy.Editor", "Unity.CollabProxy.Editor.csproj", "{67731A39-5F96-0116-68F9-D18247BC305B}"
EndProject
Project("{FAE04EC0-301F-11D3-BF4B-00C04F79EFBC}") = "Assembly-CSharp-Editor-firstpass", "Assembly-CSharp-Editor-firstpass.csproj", "{29A51739-3A20-87D2-7252-D3B8AA86340D}"
EndProject
Project("{FAE04EC0-301F-11D3-BF4B-00C04F79EFBC}") = "UnityEngine.TestRunner", "UnityEngine.TestRunner.Player.csproj", "{14FF9E24-E738-918C-A830-A8661AD36243}"
EndProject
Project("{FAE04EC0-301F-11D3-BF4B-00C04F79EFBC}") = "UnityEngine.UI", "UnityEngine.UI.Player.csproj", "{48CEF3BA-3B7C-082D-949A-CD5832A248CF}"
EndProject
Project("{FAE04EC0-301F-11D3-BF4B-00C04F79EFBC}") = "Unity.Timeline", "Unity.Timeline.Player.csproj", "{F30FACFF-C029-31DB-5DA3-09C1C40CB268}"
EndProject
Project("{FAE04EC0-301F-11D3-BF4B-00C04F79EFBC}") = "Unity.TextMeshPro", "Unity.TextMeshPro.Player.csproj", "{DAFFBB1D-7F82-28AC-E95E-15FB0F389F6E}"
EndProject
Project("{FAE04EC0-301F-11D3-BF4B-00C04F79EFBC}") = "Assembly-CSharp", "Assembly-CSharp.Player.csproj", "{2B174A51-31B2-42A4-0EC5-7694167F7CDF}"
EndProject
Global
	GlobalSection(SolutionConfigurationPlatforms) = preSolution
		Debug|Any CPU = Debug|Any CPU
		Release|Any CPU = Release|Any CPU
	EndGlobalSection
	GlobalSection(ProjectConfigurationPlatforms) = postSolution
		{6F68FB49-7F73-9F53-2F33-E5BA7E5F00C4}.Debug|Any CPU.ActiveCfg = Debug|Any CPU
		{6F68FB49-7F73-9F53-2F33-E5BA7E5F00C4}.Debug|Any CPU.Build.0 = Debug|Any CPU
		{6F68FB49-7F73-9F53-2F33-E5BA7E5F00C4}.Release|Any CPU.ActiveCfg = Release|Any CPU
		{6F68FB49-7F73-9F53-2F33-E5BA7E5F00C4}.Release|Any CPU.Build.0 = Release|Any CPU
		{7B01494A-36DE-F29D-725F-7A1B5E26CADB}.Debug|Any CPU.ActiveCfg = Debug|Any CPU
		{7B01494A-36DE-F29D-725F-7A1B5E26CADB}.Debug|Any CPU.Build.0 = Debug|Any CPU
		{7B01494A-36DE-F29D-725F-7A1B5E26CADB}.Release|Any CPU.ActiveCfg = Release|Any CPU
		{7B01494A-36DE-F29D-725F-7A1B5E26CADB}.Release|Any CPU.Build.0 = Release|Any CPU
		{1856DF18-7F6B-AB81-9E0B-02040CBF399D}.Debug|Any CPU.ActiveCfg = Debug|Any CPU
		{1856DF18-7F6B-AB81-9E0B-02040CBF399D}.Debug|Any CPU.Build.0 = Debug|Any CPU
		{1856DF18-7F6B-AB81-9E0B-02040CBF399D}.Release|Any CPU.ActiveCfg = Release|Any CPU
		{1856DF18-7F6B-AB81-9E0B-02040CBF399D}.Release|Any CPU.Build.0 = Release|Any CPU
		{50697730-FD53-76F2-E1F4-B5DD4E27C9B8}.Debug|Any CPU.ActiveCfg = Debug|Any CPU
		{50697730-FD53-76F2-E1F4-B5DD4E27C9B8}.Debug|Any CPU.Build.0 = Debug|Any CPU
		{50697730-FD53-76F2-E1F4-B5DD4E27C9B8}.Release|Any CPU.ActiveCfg = Release|Any CPU
		{50697730-FD53-76F2-E1F4-B5DD4E27C9B8}.Release|Any CPU.Build.0 = Release|Any CPU
		{1F7ECEB8-2D8A-5E43-DBD1-69210FEBD74B}.Debug|Any CPU.ActiveCfg = Debug|Any CPU
		{1F7ECEB8-2D8A-5E43-DBD1-69210FEBD74B}.Debug|Any CPU.Build.0 = Debug|Any CPU
		{1F7ECEB8-2D8A-5E43-DBD1-69210FEBD74B}.Release|Any CPU.ActiveCfg = Release|Any CPU
		{1F7ECEB8-2D8A-5E43-DBD1-69210FEBD74B}.Release|Any CPU.Build.0 = Release|Any CPU
		{46E89963-8ACA-6E27-EBB9-0CB01B022ACE}.Debug|Any CPU.ActiveCfg = Debug|Any CPU
		{46E89963-8ACA-6E27-EBB9-0CB01B022ACE}.Debug|Any CPU.Build.0 = Debug|Any CPU
		{46E89963-8ACA-6E27-EBB9-0CB01B022ACE}.Release|Any CPU.ActiveCfg = Release|Any CPU
		{46E89963-8ACA-6E27-EBB9-0CB01B022ACE}.Release|Any CPU.Build.0 = Release|Any CPU
		{80C9A533-28AD-8B3C-01EF-AD925A3F3F25}.Debug|Any CPU.ActiveCfg = Debug|Any CPU
		{80C9A533-28AD-8B3C-01EF-AD925A3F3F25}.Debug|Any CPU.Build.0 = Debug|Any CPU
		{80C9A533-28AD-8B3C-01EF-AD925A3F3F25}.Release|Any CPU.ActiveCfg = Release|Any CPU
		{80C9A533-28AD-8B3C-01EF-AD925A3F3F25}.Release|Any CPU.Build.0 = Release|Any CPU
		{488BDAB4-0CA0-8153-BD61-52E13B3539BA}.Debug|Any CPU.ActiveCfg = Debug|Any CPU
		{488BDAB4-0CA0-8153-BD61-52E13B3539BA}.Debug|Any CPU.Build.0 = Debug|Any CPU
		{488BDAB4-0CA0-8153-BD61-52E13B3539BA}.Release|Any CPU.ActiveCfg = Release|Any CPU
		{488BDAB4-0CA0-8153-BD61-52E13B3539BA}.Release|Any CPU.Build.0 = Release|Any CPU
		{C32D94E3-B0FF-DD25-1172-5224CAAFAA13}.Debug|Any CPU.ActiveCfg = Debug|Any CPU
		{C32D94E3-B0FF-DD25-1172-5224CAAFAA13}.Debug|Any CPU.Build.0 = Debug|Any CPU
		{C32D94E3-B0FF-DD25-1172-5224CAAFAA13}.Release|Any CPU.ActiveCfg = Release|Any CPU
		{C32D94E3-B0FF-DD25-1172-5224CAAFAA13}.Release|Any CPU.Build.0 = Release|Any CPU
		{53B21462-218C-9F26-B142-4D4EA15D98EF}.Debug|Any CPU.ActiveCfg = Debug|Any CPU
		{53B21462-218C-9F26-B142-4D4EA15D98EF}.Debug|Any CPU.Build.0 = Debug|Any CPU
		{53B21462-218C-9F26-B142-4D4EA15D98EF}.Release|Any CPU.ActiveCfg = Release|Any CPU
		{53B21462-218C-9F26-B142-4D4EA15D98EF}.Release|Any CPU.Build.0 = Release|Any CPU
		{D64691EC-58A1-4874-9640-3112BFCF30CD}.Debug|Any CPU.ActiveCfg = Debug|Any CPU
		{D64691EC-58A1-4874-9640-3112BFCF30CD}.Debug|Any CPU.Build.0 = Debug|Any CPU
		{D64691EC-58A1-4874-9640-3112BFCF30CD}.Release|Any CPU.ActiveCfg = Release|Any CPU
		{D64691EC-58A1-4874-9640-3112BFCF30CD}.Release|Any CPU.Build.0 = Release|Any CPU
		{975BB8E2-6693-0E05-DD53-905B4E088758}.Debug|Any CPU.ActiveCfg = Debug|Any CPU
		{975BB8E2-6693-0E05-DD53-905B4E088758}.Debug|Any CPU.Build.0 = Debug|Any CPU
		{975BB8E2-6693-0E05-DD53-905B4E088758}.Release|Any CPU.ActiveCfg = Release|Any CPU
		{975BB8E2-6693-0E05-DD53-905B4E088758}.Release|Any CPU.Build.0 = Release|Any CPU
		{ABF9F253-96E1-9CF4-DC54-2ABCBD2DF8B6}.Debug|Any CPU.ActiveCfg = Debug|Any CPU
		{ABF9F253-96E1-9CF4-DC54-2ABCBD2DF8B6}.Debug|Any CPU.Build.0 = Debug|Any CPU
		{ABF9F253-96E1-9CF4-DC54-2ABCBD2DF8B6}.Release|Any CPU.ActiveCfg = Release|Any CPU
		{ABF9F253-96E1-9CF4-DC54-2ABCBD2DF8B6}.Release|Any CPU.Build.0 = Release|Any CPU
		{67731A39-5F96-0116-68F9-D18247BC305B}.Debug|Any CPU.ActiveCfg = Debug|Any CPU
		{67731A39-5F96-0116-68F9-D18247BC305B}.Debug|Any CPU.Build.0 = Debug|Any CPU
		{67731A39-5F96-0116-68F9-D18247BC305B}.Release|Any CPU.ActiveCfg = Release|Any CPU
		{67731A39-5F96-0116-68F9-D18247BC305B}.Release|Any CPU.Build.0 = Release|Any CPU
		{29A51739-3A20-87D2-7252-D3B8AA86340D}.Debug|Any CPU.ActiveCfg = Debug|Any CPU
		{29A51739-3A20-87D2-7252-D3B8AA86340D}.Debug|Any CPU.Build.0 = Debug|Any CPU
		{29A51739-3A20-87D2-7252-D3B8AA86340D}.Release|Any CPU.ActiveCfg = Release|Any CPU
		{29A51739-3A20-87D2-7252-D3B8AA86340D}.Release|Any CPU.Build.0 = Release|Any CPU
		{14FF9E24-E738-918C-A830-A8661AD36243}.Debug|Any CPU.ActiveCfg = Debug|Any CPU
		{14FF9E24-E738-918C-A830-A8661AD36243}.Debug|Any CPU.Build.0 = Debug|Any CPU
		{14FF9E24-E738-918C-A830-A8661AD36243}.Release|Any CPU.ActiveCfg = Release|Any CPU
		{14FF9E24-E738-918C-A830-A8661AD36243}.Release|Any CPU.Build.0 = Release|Any CPU
		{48CEF3BA-3B7C-082D-949A-CD5832A248CF}.Debug|Any CPU.ActiveCfg = Debug|Any CPU
		{48CEF3BA-3B7C-082D-949A-CD5832A248CF}.Debug|Any CPU.Build.0 = Debug|Any CPU
		{48CEF3BA-3B7C-082D-949A-CD5832A248CF}.Release|Any CPU.ActiveCfg = Release|Any CPU
		{48CEF3BA-3B7C-082D-949A-CD5832A248CF}.Release|Any CPU.Build.0 = Release|Any CPU
		{F30FACFF-C029-31DB-5DA3-09C1C40CB268}.Debug|Any CPU.ActiveCfg = Debug|Any CPU
		{F30FACFF-C029-31DB-5DA3-09C1C40CB268}.Debug|Any CPU.Build.0 = Debug|Any CPU
		{F30FACFF-C029-31DB-5DA3-09C1C40CB268}.Release|Any CPU.ActiveCfg = Release|Any CPU
		{F30FACFF-C029-31DB-5DA3-09C1C40CB268}.Release|Any CPU.Build.0 = Release|Any CPU
		{DAFFBB1D-7F82-28AC-E95E-15FB0F389F6E}.Debug|Any CPU.ActiveCfg = Debug|Any CPU
		{DAFFBB1D-7F82-28AC-E95E-15FB0F389F6E}.Debug|Any CPU.Build.0 = Debug|Any CPU
		{DAFFBB1D-7F82-28AC-E95E-15FB0F389F6E}.Release|Any CPU.ActiveCfg = Release|Any CPU
		{DAFFBB1D-7F82-28AC-E95E-15FB0F389F6E}.Release|Any CPU.Build.0 = Release|Any CPU
		{2B174A51-31B2-42A4-0EC5-7694167F7CDF}.Debug|Any CPU.ActiveCfg = Debug|Any CPU
		{2B174A51-31B2-42A4-0EC5-7694167F7CDF}.Debug|Any CPU.Build.0 = Debug|Any CPU
		{2B174A51-31B2-42A4-0EC5-7694167F7CDF}.Release|Any CPU.ActiveCfg = Release|Any CPU
		{2B174A51-31B2-42A4-0EC5-7694167F7CDF}.Release|Any CPU.Build.0 = Release|Any CPU
	EndGlobalSection
	GlobalSection(SolutionProperties) = preSolution
		HideSolutionNode = FALSE
	EndGlobalSection
EndGlobal
